
Microsoft Visual Studio Solution File, Format Version 12.00
# Visual Studio Version 16
VisualStudioVersion = 16.0.31205.134
MinimumVisualStudioVersion = 10.0.40219.1
Project("{FAE04EC0-301F-11D3-BF4B-00C04F79EFBC}") = "TilausDBMVC", "TilausDBMVC\TilausDBMVC.csproj", "{99885D1E-AF78-4465-8EB6-94BE01333B8F}"
EndProject
Global
	GlobalSection(SolutionConfigurationPlatforms) = preSolution
		Debug|Any CPU = Debug|Any CPU
		Release|Any CPU = Release|Any CPU
	EndGlobalSection
	GlobalSection(ProjectConfigurationPlatforms) = postSolution
		{99885D1E-AF78-4465-8EB6-94BE01333B8F}.Debug|Any CPU.ActiveCfg = Debug|Any CPU
		{99885D1E-AF78-4465-8EB6-94BE01333B8F}.Debug|Any CPU.Build.0 = Debug|Any CPU
		{99885D1E-AF78-4465-8EB6-94BE01333B8F}.Release|Any CPU.ActiveCfg = Release|Any CPU
		{99885D1E-AF78-4465-8EB6-94BE01333B8F}.Release|Any CPU.Build.0 = Release|Any CPU
	EndGlobalSection
	GlobalSection(SolutionProperties) = preSolution
		HideSolutionNode = FALSE
	EndGlobalSection
	GlobalSection(ExtensibilityGlobals) = postSolution
		SolutionGuid = {FB0F9AB4-7DD8-4817-B66A-9B6EF6B4F596}
	EndGlobalSection
EndGlobal
